// !$*UTF8*$!
{
	archiveVersion = 1;
	classes = {
	};
	objectVersion = 56;
	objects = {

/* Begin PBXBuildFile section */
		B5031CAB29F1826800B70B4C /* AppDelegate.swift in Sources */ = {isa = PBXBuildFile; fileRef = B5031CAA29F1826800B70B4C /* AppDelegate.swift */; };
		B5031CAD29F1826800B70B4C /* SceneDelegate.swift in Sources */ = {isa = PBXBuildFile; fileRef = B5031CAC29F1826800B70B4C /* SceneDelegate.swift */; };
		B5031CAF29F1826800B70B4C /* ViewController.swift in Sources */ = {isa = PBXBuildFile; fileRef = B5031CAE29F1826800B70B4C /* ViewController.swift */; };
		B5031CB229F1826800B70B4C /* Main.storyboard in Resources */ = {isa = PBXBuildFile; fileRef = B5031CB029F1826800B70B4C /* Main.storyboard */; };
		B5031CB429F1826900B70B4C /* Assets.xcassets in Resources */ = {isa = PBXBuildFile; fileRef = B5031CB329F1826900B70B4C /* Assets.xcassets */; };
		B5031CB729F1826900B70B4C /* LaunchScreen.storyboard in Resources */ = {isa = PBXBuildFile; fileRef = B5031CB529F1826900B70B4C /* LaunchScreen.storyboard */; };
		B5031CC229F1826900B70B4C /* D_M678_Ass_2_iOsTests.swift in Sources */ = {isa = PBXBuildFile; fileRef = B5031CC129F1826900B70B4C /* D_M678_Ass_2_iOsTests.swift */; };
		B5031CCC29F1826900B70B4C /* D_M678_Ass_2_iOsUITests.swift in Sources */ = {isa = PBXBuildFile; fileRef = B5031CCB29F1826900B70B4C /* D_M678_Ass_2_iOsUITests.swift */; };
		B5031CCE29F1826900B70B4C /* D_M678_Ass_2_iOsUITestsLaunchTests.swift in Sources */ = {isa = PBXBuildFile; fileRef = B5031CCD29F1826900B70B4C /* D_M678_Ass_2_iOsUITestsLaunchTests.swift */; };
		B59EEA0929FAFF64006B9AFD /* TableViewCell.swift in Sources */ = {isa = PBXBuildFile; fileRef = B59EEA0829FAFF64006B9AFD /* TableViewCell.swift */; };
		B59EEA0B29FAFFD9006B9AFD /* Model Class.swift in Sources */ = {isa = PBXBuildFile; fileRef = B59EEA0A29FAFFD9006B9AFD /* Model Class.swift */; };
/* End PBXBuildFile section */

/* Begin PBXContainerItemProxy section */
		B5031CBE29F1826900B70B4C /* PBXContainerItemProxy */ = {
			isa = PBXContainerItemProxy;
			containerPortal = B5031C9F29F1826800B70B4C /* Project object */;
			proxyType = 1;
			remoteGlobalIDString = B5031CA629F1826800B70B4C;
			remoteInfo = D_M678_Ass_2_iOs;
		};
		B5031CC829F1826900B70B4C /* PBXContainerItemProxy */ = {
			isa = PBXContainerItemProxy;
			containerPortal = B5031C9F29F1826800B70B4C /* Project object */;
			proxyType = 1;
			remoteGlobalIDString = B5031CA629F1826800B70B4C;
			remoteInfo = D_M678_Ass_2_iOs;
		};
/* End PBXContainerItemProxy section */

/* Begin PBXFileReference section */
		B5031CA729F1826800B70B4C /* D_M678_Ass_2_iOs.app */ = {isa = PBXFileReference; explicitFileType = wrapper.application; includeInIndex = 0; path = D_M678_Ass_2_iOs.app; sourceTree = BUILT_PRODUCTS_DIR; };
		B5031CAA29F1826800B70B4C /* AppDelegate.swift */ = {isa = PBXFileReference; lastKnownFileType = sourcecode.swift; path = AppDelegate.swift; sourceTree = "<group>"; };
		B5031CAC29F1826800B70B4C /* SceneDelegate.swift */ = {isa = PBXFileReference; lastKnownFileType = sourcecode.swift; path = SceneDelegate.swift; sourceTree = "<group>"; };
		B5031CAE29F1826800B70B4C /* ViewController.swift */ = {isa = PBXFileReference; lastKnownFileType = sourcecode.swift; path = ViewController.swift; sourceTree = "<group>"; };
		B5031CB129F1826800B70B4C /* Base */ = {isa = PBXFileReference; lastKnownFileType = file.storyboard; name = Base; path = Base.lproj/Main.storyboard; sourceTree = "<group>"; };
		B5031CB329F1826900B70B4C /* Assets.xcassets */ = {isa = PBXFileReference; lastKnownFileType = folder.assetcatalog; path = Assets.xcassets; sourceTree = "<group>"; };
		B5031CB629F1826900B70B4C /* Base */ = {isa = PBXFileReference; lastKnownFileType = file.storyboard; name = Base; path = Base.lproj/LaunchScreen.storyboard; sourceTree = "<group>"; };
		B5031CB829F1826900B70B4C /* Info.plist */ = {isa = PBXFileReference; lastKnownFileType = text.plist.xml; path = Info.plist; sourceTree = "<group>"; };
		B5031CBD29F1826900B70B4C /* D_M678_Ass_2_iOsTests.xctest */ = {isa = PBXFileReference; explicitFileType = wrapper.cfbundle; includeInIndex = 0; path = D_M678_Ass_2_iOsTests.xctest; sourceTree = BUILT_PRODUCTS_DIR; };
		B5031CC129F1826900B70B4C /* D_M678_Ass_2_iOsTests.swift */ = {isa = PBXFileReference; lastKnownFileType = sourcecode.swift; path = D_M678_Ass_2_iOsTests.swift; sourceTree = "<group>"; };
		B5031CC729F1826900B70B4C /* D_M678_Ass_2_iOsUITests.xctest */ = {isa = PBXFileReference; explicitFileType = wrapper.cfbundle; includeInIndex = 0; path = D_M678_Ass_2_iOsUITests.xctest; sourceTree = BUILT_PRODUCTS_DIR; };
		B5031CCB29F1826900B70B4C /* D_M678_Ass_2_iOsUITests.swift */ = {isa = PBXFileReference; lastKnownFileType = sourcecode.swift; path = D_M678_Ass_2_iOsUITests.swift; sourceTree = "<group>"; };
		B5031CCD29F1826900B70B4C /* D_M678_Ass_2_iOsUITestsLaunchTests.swift */ = {isa = PBXFileReference; lastKnownFileType = sourcecode.swift; path = D_M678_Ass_2_iOsUITestsLaunchTests.swift; sourceTree = "<group>"; };
		B59EEA0829FAFF64006B9AFD /* TableViewCell.swift */ = {isa = PBXFileReference; lastKnownFileType = sourcecode.swift; path = TableViewCell.swift; sourceTree = "<group>"; };
		B59EEA0A29FAFFD9006B9AFD /* Model Class.swift */ = {isa = PBXFileReference; lastKnownFileType = sourcecode.swift; path = "Model Class.swift"; sourceTree = "<group>"; };
/* End PBXFileReference section */

/* Begin PBXFrameworksBuildPhase section */
		B5031CA429F1826800B70B4C /* Frameworks */ = {
			isa = PBXFrameworksBuildPhase;
			buildActionMask = 2147483647;
			files = (
			);
			runOnlyForDeploymentPostprocessing = 0;
		};
		B5031CBA29F1826900B70B4C /* Frameworks */ = {
			isa = PBXFrameworksBuildPhase;
			buildActionMask = 2147483647;
			files = (
			);
			runOnlyForDeploymentPostprocessing = 0;
		};
		B5031CC429F1826900B70B4C /* Frameworks */ = {
			isa = PBXFrameworksBuildPhase;
			buildActionMask = 2147483647;
			files = (
			);
			runOnlyForDeploymentPostprocessing = 0;
		};
/* End PBXFrameworksBuildPhase section */

/* Begin PBXGroup section */
		B5031C9E29F1826800B70B4C = {
			isa = PBXGroup;
			children = (
				B5031CA929F1826800B70B4C /* D_M678_Ass_2_iOs */,
				B5031CC029F1826900B70B4C /* D_M678_Ass_2_iOsTests */,
				B5031CCA29F1826900B70B4C /* D_M678_Ass_2_iOsUITests */,
				B5031CA829F1826800B70B4C /* Products */,
			);
			sourceTree = "<group>";
		};
		B5031CA829F1826800B70B4C /* Products */ = {
			isa = PBXGroup;
			children = (
				B5031CA729F1826800B70B4C /* D_M678_Ass_2_iOs.app */,
				B5031CBD29F1826900B70B4C /* D_M678_Ass_2_iOsTests.xctest */,
				B5031CC729F1826900B70B4C /* D_M678_Ass_2_iOsUITests.xctest */,
			);
			name = Products;
			sourceTree = "<group>";
		};
		B5031CA929F1826800B70B4C /* D_M678_Ass_2_iOs */ = {
			isa = PBXGroup;
			children = (
				B5031CAA29F1826800B70B4C /* AppDelegate.swift */,
				B5031CAC29F1826800B70B4C /* SceneDelegate.swift */,
				B5031CAE29F1826800B70B4C /* ViewController.swift */,
				B59EEA0A29FAFFD9006B9AFD /* Model Class.swift */,
				B5031CB029F1826800B70B4C /* Main.storyboard */,
				B59EEA0829FAFF64006B9AFD /* TableViewCell.swift */,
				B5031CB329F1826900B70B4C /* Assets.xcassets */,
				B5031CB529F1826900B70B4C /* LaunchScreen.storyboard */,
				B5031CB829F1826900B70B4C /* Info.plist */,
			);
			path = D_M678_Ass_2_iOs;
			sourceTree = "<group>";
		};
		B5031CC029F1826900B70B4C /* D_M678_Ass_2_iOsTests */ = {
			isa = PBXGroup;
			children = (
				B5031CC129F1826900B70B4C /* D_M678_Ass_2_iOsTests.swift */,
			);
			path = D_M678_Ass_2_iOsTests;
			sourceTree = "<group>";
		};
		B5031CCA29F1826900B70B4C /* D_M678_Ass_2_iOsUITests */ = {
			isa = PBXGroup;
			children = (
				B5031CCB29F1826900B70B4C /* D_M678_Ass_2_iOsUITests.swift */,
				B5031CCD29F1826900B70B4C /* D_M678_Ass_2_iOsUITestsLaunchTests.swift */,
			);
			path = D_M678_Ass_2_iOsUITests;
			sourceTree = "<group>";
		};
/* End PBXGroup section */

/* Begin PBXNativeTarget section */
		B5031CA629F1826800B70B4C /* D_M678_Ass_2_iOs */ = {
			isa = PBXNativeTarget;
			buildConfigurationList = B5031CD129F1826900B70B4C /* Build configuration list for PBXNativeTarget "D_M678_Ass_2_iOs" */;
			buildPhases = (
				B5031CA329F1826800B70B4C /* Sources */,
				B5031CA429F1826800B70B4C /* Frameworks */,
				B5031CA529F1826800B70B4C /* Resources */,
			);
			buildRules = (
			);
			dependencies = (
			);
			name = D_M678_Ass_2_iOs;
			productName = D_M678_Ass_2_iOs;
			productReference = B5031CA729F1826800B70B4C /* D_M678_Ass_2_iOs.app */;
			productType = "com.apple.product-type.application";
		};
		B5031CBC29F1826900B70B4C /* D_M678_Ass_2_iOsTests */ = {
			isa = PBXNativeTarget;
			buildConfigurationList = B5031CD429F1826900B70B4C /* Build configuration list for PBXNativeTarget "D_M678_Ass_2_iOsTests" */;
			buildPhases = (
				B5031CB929F1826900B70B4C /* Sources */,
				B5031CBA29F1826900B70B4C /* Frameworks */,
				B5031CBB29F1826900B70B4C /* Resources */,
			);
			buildRules = (
			);
			dependencies = (
				B5031CBF29F1826900B70B4C /* PBXTargetDependency */,
			);
			name = D_M678_Ass_2_iOsTests;
			productName = D_M678_Ass_2_iOsTests;
			productReference = B5031CBD29F1826900B70B4C /* D_M678_Ass_2_iOsTests.xctest */;
			productType = "com.apple.product-type.bundle.unit-test";
		};
		B5031CC629F1826900B70B4C /* D_M678_Ass_2_iOsUITests */ = {
			isa = PBXNativeTarget;
			buildConfigurationList = B5031CD729F1826900B70B4C /* Build configuration list for PBXNativeTarget "D_M678_Ass_2_iOsUITests" */;
			buildPhases = (
				B5031CC329F1826900B70B4C /* Sources */,
				B5031CC429F1826900B70B4C /* Frameworks */,
				B5031CC529F1826900B70B4C /* Resources */,
			);
			buildRules = (
			);
			dependencies = (
				B5031CC929F1826900B70B4C /* PBXTargetDependency */,
			);
			name = D_M678_Ass_2_iOsUITests;
			productName = D_M678_Ass_2_iOsUITests;
			productReference = B5031CC729F1826900B70B4C /* D_M678_Ass_2_iOsUITests.xctest */;
			productType = "com.apple.product-type.bundle.ui-testing";
		};
/* End PBXNativeTarget section */

/* Begin PBXProject section */
		B5031C9F29F1826800B70B4C /* Project object */ = {
			isa = PBXProject;
			attributes = {
				BuildIndependentTargetsInParallel = 1;
				LastSwiftUpdateCheck = 1430;
				LastUpgradeCheck = 1430;
				TargetAttributes = {
					B5031CA629F1826800B70B4C = {
						CreatedOnToolsVersion = 14.3;
					};
					B5031CBC29F1826900B70B4C = {
						CreatedOnToolsVersion = 14.3;
						TestTargetID = B5031CA629F1826800B70B4C;
					};
					B5031CC629F1826900B70B4C = {
						CreatedOnToolsVersion = 14.3;
						TestTargetID = B5031CA629F1826800B70B4C;
					};
				};
			};
			buildConfigurationList = B5031CA229F1826800B70B4C /* Build configuration list for PBXProject "D_M678_Ass_2_iOs" */;
			compatibilityVersion = "Xcode 14.0";
			developmentRegion = en;
			hasScannedForEncodings = 0;
			knownRegions = (
				en,
				Base,
			);
			mainGroup = B5031C9E29F1826800B70B4C;
			productRefGroup = B5031CA829F1826800B70B4C /* Products */;
			projectDirPath = "";
			projectRoot = "";
			targets = (
				B5031CA629F1826800B70B4C /* D_M678_Ass_2_iOs */,
				B5031CBC29F1826900B70B4C /* D_M678_Ass_2_iOsTests */,
				B5031CC629F1826900B70B4C /* D_M678_Ass_2_iOsUITests */,
			);
		};
/* End PBXProject section */

/* Begin PBXResourcesBuildPhase section */
		B5031CA529F1826800B70B4C /* Resources */ = {
			isa = PBXResourcesBuildPhase;
			buildActionMask = 2147483647;
			files = (
				B5031CB729F1826900B70B4C /* LaunchScreen.storyboard in Resources */,
				B5031CB429F1826900B70B4C /* Assets.xcassets in Resources */,
				B5031CB229F1826800B70B4C /* Main.storyboard in Resources */,
			);
			runOnlyForDeploymentPostprocessing = 0;
		};
		B5031CBB29F1826900B70B4C /* Resources */ = {
			isa = PBXResourcesBuildPhase;
			buildActionMask = 2147483647;
			files = (
			);
			runOnlyForDeploymentPostprocessing = 0;
		};
		B5031CC529F1826900B70B4C /* Resources */ = {
			isa = PBXResourcesBuildPhase;
			buildActionMask = 2147483647;
			files = (
			);
			runOnlyForDeploymentPostprocessing = 0;
		};
/* End PBXResourcesBuildPhase section */

/* Begin PBXSourcesBuildPhase section */
		B5031CA329F1826800B70B4C /* Sources */ = {
			isa = PBXSourcesBuildPhase;
			buildActionMask = 2147483647;
			files = (
				B5031CAF29F1826800B70B4C /* ViewController.swift in Sources */,
				B59EEA0B29FAFFD9006B9AFD /* Model Class.swift in Sources */,
				B59EEA0929FAFF64006B9AFD /* TableViewCell.swift in Sources */,
				B5031CAB29F1826800B70B4C /* AppDelegate.swift in Sources */,
				B5031CAD29F1826800B70B4C /* SceneDelegate.swift in Sources */,
			);
			runOnlyForDeploymentPostprocessing = 0;
		};
		B5031CB929F1826900B70B4C /* Sources */ = {
			isa = PBXSourcesBuildPhase;
			buildActionMask = 2147483647;
			files = (
				B5031CC229F1826900B70B4C /* D_M678_Ass_2_iOsTests.swift in Sources */,
			);
			runOnlyForDeploymentPostprocessing = 0;
		};
		B5031CC329F1826900B70B4C /* Sources */ = {
			isa = PBXSourcesBuildPhase;
			buildActionMask = 2147483647;
			files = (
				B5031CCE29F1826900B70B4C /* D_M678_Ass_2_iOsUITestsLaunchTests.swift in Sources */,
				B5031CCC29F1826900B70B4C /* D_M678_Ass_2_iOsUITests.swift in Sources */,
			);
			runOnlyForDeploymentPostprocessing = 0;
		};
/* End PBXSourcesBuildPhase section */

/* Begin PBXTargetDependency section */
		B5031CBF29F1826900B70B4C /* PBXTargetDependency */ = {
			isa = PBXTargetDependency;
			target = B5031CA629F1826800B70B4C /* D_M678_Ass_2_iOs */;
			targetProxy = B5031CBE29F1826900B70B4C /* PBXContainerItemProxy */;
		};
		B5031CC929F1826900B70B4C /* PBXTargetDependency */ = {
			isa = PBXTargetDependency;
			target = B5031CA629F1826800B70B4C /* D_M678_Ass_2_iOs */;
			targetProxy = B5031CC829F1826900B70B4C /* PBXContainerItemProxy */;
		};
/* End PBXTargetDependency section */

/* Begin PBXVariantGroup section */
		B5031CB029F1826800B70B4C /* Main.storyboard */ = {
			isa = PBXVariantGroup;
			children = (
				B5031CB129F1826800B70B4C /* Base */,
			);
			name = Main.storyboard;
			sourceTree = "<group>";
		};
		B5031CB529F1826900B70B4C /* LaunchScreen.storyboard */ = {
			isa = PBXVariantGroup;
			children = (
				B5031CB629F1826900B70B4C /* Base */,
			);
			name = LaunchScreen.storyboard;
			sourceTree = "<group>";
		};
/* End PBXVariantGroup section */

/* Begin XCBuildConfiguration section */
		B5031CCF29F1826900B70B4C /* Debug */ = {
			isa = XCBuildConfiguration;
			buildSettings = {
				ALWAYS_SEARCH_USER_PATHS = NO;
				CLANG_ANALYZER_NONNULL = YES;
				CLANG_ANALYZER_NUMBER_OBJECT_CONVERSION = YES_AGGRESSIVE;
				CLANG_CXX_LANGUAGE_STANDARD = "gnu++20";
				CLANG_ENABLE_MODULES = YES;
				CLANG_ENABLE_OBJC_ARC = YES;
				CLANG_ENABLE_OBJC_WEAK = YES;
				CLANG_WARN_BLOCK_CAPTURE_AUTORELEASING = YES;
				CLANG_WARN_BOOL_CONVERSION = YES;
				CLANG_WARN_COMMA = YES;
				CLANG_WARN_CONSTANT_CONVERSION = YES;
				CLANG_WARN_DEPRECATED_OBJC_IMPLEMENTATIONS = YES;
				CLANG_WARN_DIRECT_OBJC_ISA_USAGE = YES_ERROR;
				CLANG_WARN_DOCUMENTATION_COMMENTS = YES;
				CLANG_WARN_EMPTY_BODY = YES;
				CLANG_WARN_ENUM_CONVERSION = YES;
				CLANG_WARN_INFINITE_RECURSION = YES;
				CLANG_WARN_INT_CONVERSION = YES;
				CLANG_WARN_NON_LITERAL_NULL_CONVERSION = YES;
				CLANG_WARN_OBJC_IMPLICIT_RETAIN_SELF = YES;
				CLANG_WARN_OBJC_LITERAL_CONVERSION = YES;
				CLANG_WARN_OBJC_ROOT_CLASS = YES_ERROR;
				CLANG_WARN_QUOTED_INCLUDE_IN_FRAMEWORK_HEADER = YES;
				CLANG_WARN_RANGE_LOOP_ANALYSIS = YES;
				CLANG_WARN_STRICT_PROTOTYPES = YES;
				CLANG_WARN_SUSPICIOUS_MOVE = YES;
				CLANG_WARN_UNGUARDED_AVAILABILITY = YES_AGGRESSIVE;
				CLANG_WARN_UNREACHABLE_CODE = YES;
				CLANG_WARN__DUPLICATE_METHOD_MATCH = YES;
				COPY_PHASE_STRIP = NO;
				DEBUG_INFORMATION_FORMAT = dwarf;
				ENABLE_STRICT_OBJC_MSGSEND = YES;
				ENABLE_TESTABILITY = YES;
				GCC_C_LANGUAGE_STANDARD = gnu11;
				GCC_DYNAMIC_NO_PIC = NO;
				GCC_NO_COMMON_BLOCKS = YES;
				GCC_OPTIMIZATION_LEVEL = 0;
				GCC_PREPROCESSOR_DEFINITIONS = (
					"DEBUG=1",
					"$(inherited)",
				);
				GCC_WARN_64_TO_32_BIT_CONVERSION = YES;
				GCC_WARN_ABOUT_RETURN_TYPE = YES_ERROR;
				GCC_WARN_UNDECLARED_SELECTOR = YES;
				GCC_WARN_UNINITIALIZED_AUTOS = YES_AGGRESSIVE;
				GCC_WARN_UNUSED_FUNCTION = YES;
				GCC_WARN_UNUSED_VARIABLE = YES;
				IPHONEOS_DEPLOYMENT_TARGET = 16.4;
				MTL_ENABLE_DEBUG_INFO = INCLUDE_SOURCE;
				MTL_FAST_MATH = YES;
				ONLY_ACTIVE_ARCH = YES;
				SDKROOT = iphoneos;
				SWIFT_ACTIVE_COMPILATION_CONDITIONS = DEBUG;
				SWIFT_OPTIMIZATION_LEVEL = "-Onone";
			};
			name = Debug;
		};
		B5031CD029F1826900B70B4C /* Release */ = {
			isa = XCBuildConfiguration;
			buildSettings = {
				ALWAYS_SEARCH_USER_PATHS = NO;
				CLANG_ANALYZER_NONNULL = YES;
				CLANG_ANALYZER_NUMBER_OBJECT_CONVERSION = YES_AGGRESSIVE;
				CLANG_CXX_LANGUAGE_STANDARD = "gnu++20";
				CLANG_ENABLE_MODULES = YES;
				CLANG_ENABLE_OBJC_ARC = YES;
				CLANG_ENABLE_OBJC_WEAK = YES;
				CLANG_WARN_BLOCK_CAPTURE_AUTORELEASING = YES;
				CLANG_WARN_BOOL_CONVERSION = YES;
				CLANG_WARN_COMMA = YES;
				CLANG_WARN_CONSTANT_CONVERSION = YES;
				CLANG_WARN_DEPRECATED_OBJC_IMPLEMENTATIONS = YES;
				CLANG_WARN_DIRECT_OBJC_ISA_USAGE = YES_ERROR;
				CLANG_WARN_DOCUMENTATION_COMMENTS = YES;
				CLANG_WARN_EMPTY_BODY = YES;
				CLANG_WARN_ENUM_CONVERSION = YES;
				CLANG_WARN_INFINITE_RECURSION = YES;
				CLANG_WARN_INT_CONVERSION = YES;
				CLANG_WARN_NON_LITERAL_NULL_CONVERSION = YES;
				CLANG_WARN_OBJC_IMPLICIT_RETAIN_SELF = YES;
				CLANG_WARN_OBJC_LITERAL_CONVERSION = YES;
				CLANG_WARN_OBJC_ROOT_CLASS = YES_ERROR;
				CLANG_WARN_QUOTED_INCLUDE_IN_FRAMEWORK_HEADER = YES;
				CLANG_WARN_RANGE_LOOP_ANALYSIS = YES;
				CLANG_WARN_STRICT_PROTOTYPES = YES;
				CLANG_WARN_SUSPICIOUS_MOVE = YES;
				CLANG_WARN_UNGUARDED_AVAILABILITY = YES_AGGRESSIVE;
				CLANG_WARN_UNREACHABLE_CODE = YES;
				CLANG_WARN__DUPLICATE_METHOD_MATCH = YES;
				COPY_PHASE_STRIP = NO;
				DEBUG_INFORMATION_FORMAT = "dwarf-with-dsym";
				ENABLE_NS_ASSERTIONS = NO;
				ENABLE_STRICT_OBJC_MSGSEND = YES;
				GCC_C_LANGUAGE_STANDARD = gnu11;
				GCC_NO_COMMON_BLOCKS = YES;
				GCC_WARN_64_TO_32_BIT_CONVERSION = YES;
				GCC_WARN_ABOUT_RETURN_TYPE = YES_ERROR;
				GCC_WARN_UNDECLARED_SELECTOR = YES;
				GCC_WARN_UNINITIALIZED_AUTOS = YES_AGGRESSIVE;
				GCC_WARN_UNUSED_FUNCTION = YES;
				GCC_WARN_UNUSED_VARIABLE = YES;
				IPHONEOS_DEPLOYMENT_TARGET = 16.4;
				MTL_ENABLE_DEBUG_INFO = NO;
				MTL_FAST_MATH = YES;
				SDKROOT = iphoneos;
				SWIFT_COMPILATION_MODE = wholemodule;
				SWIFT_OPTIMIZATION_LEVEL = "-O";
				VALIDATE_PRODUCT = YES;
			};
			name = Release;
		};
		B5031CD229F1826900B70B4C /* Debug */ = {
			isa = XCBuildConfiguration;
			buildSettings = {
				ASSETCATALOG_COMPILER_APPICON_NAME = AppIcon;
				ASSETCATALOG_COMPILER_GLOBAL_ACCENT_COLOR_NAME = AccentColor;
				CODE_SIGN_STYLE = Automatic;
				CURRENT_PROJECT_VERSION = 1;
				GENERATE_INFOPLIST_FILE = YES;
				INFOPLIST_FILE = D_M678_Ass_2_iOs/Info.plist;
				INFOPLIST_KEY_UIApplicationSupportsIndirectInputEvents = YES;
				INFOPLIST_KEY_UILaunchStoryboardName = LaunchScreen;
				INFOPLIST_KEY_UIMainStoryboardFile = Main;
				INFOPLIST_KEY_UISupportedInterfaceOrientations_iPad = "UIInterfaceOrientationPortrait UIInterfaceOrientationPortraitUpsideDown UIInterfaceOrientationLandscapeLeft UIInterfaceOrientationLandscapeRight";
				INFOPLIST_KEY_UISupportedInterfaceOrientations_iPhone = "UIInterfaceOrientationPortrait UIInterfaceOrientationLandscapeLeft UIInterfaceOrientationLandscapeRight";
				LD_RUNPATH_SEARCH_PATHS = (
					"$(inherited)",
					"@executable_path/Frameworks",
				);
				MARKETING_VERSION = 1.0;
				PRODUCT_BUNDLE_IDENTIFIER = "Dharmesh.D-M678-Ass-2-iOs";
				PRODUCT_NAME = "$(TARGET_NAME)";
				SWIFT_EMIT_LOC_STRINGS = YES;
				SWIFT_VERSION = 5.0;
				TARGETED_DEVICE_FAMILY = "1,2";
			};
			name = Debug;
		};
		B5031CD329F1826900B70B4C /* Release */ = {
			isa = XCBuildConfiguration;
			buildSettings = {
				ASSETCATALOG_COMPILER_APPICON_NAME = AppIcon;
				ASSETCATALOG_COMPILER_GLOBAL_ACCENT_COLOR_NAME = AccentColor;
				CODE_SIGN_STYLE = Automatic;
				CURRENT_PROJECT_VERSION = 1;
				GENERATE_INFOPLIST_FILE = YES;
				INFOPLIST_FILE = D_M678_Ass_2_iOs/Info.plist;
				INFOPLIST_KEY_UIApplicationSupportsIndirectInputEvents = YES;
				INFOPLIST_KEY_UILaunchStoryboardName = LaunchScreen;
				INFOPLIST_KEY_UIMainStoryboardFile = Main;
				INFOPLIST_KEY_UISupportedInterfaceOrientations_iPad = "UIInterfaceOrientationPortrait UIInterfaceOrientationPortraitUpsideDown UIInterfaceOrientationLandscapeLeft UIInterfaceOrientationLandscapeRight";
				INFOPLIST_KEY_UISupportedInterfaceOrientations_iPhone = "UIInterfaceOrientationPortrait UIInterfaceOrientationLandscapeLeft UIInterfaceOrientationLandscapeRight";
				LD_RUNPATH_SEARCH_PATHS = (
					"$(inherited)",
					"@executable_path/Frameworks",
				);
				MARKETING_VERSION = 1.0;
				PRODUCT_BUNDLE_IDENTIFIER = "Dharmesh.D-M678-Ass-2-iOs";
				PRODUCT_NAME = "$(TARGET_NAME)";
				SWIFT_EMIT_LOC_STRINGS = YES;
				SWIFT_VERSION = 5.0;
				TARGETED_DEVICE_FAMILY = "1,2";
			};
			name = Release;
		};
		B5031CD529F1826900B70B4C /* Debug */ = {
			isa = XCBuildConfiguration;
			buildSettings = {
				ALWAYS_EMBED_SWIFT_STANDARD_LIBRARIES = YES;
				BUNDLE_LOADER = "$(TEST_HOST)";
				CODE_SIGN_STYLE = Automatic;
				CURRENT_PROJECT_VERSION = 1;
				GENERATE_INFOPLIST_FILE = YES;
				IPHONEOS_DEPLOYMENT_TARGET = 16.4;
				MARKETING_VERSION = 1.0;
				PRODUCT_BUNDLE_IDENTIFIER = "Dharmesh.D-M678-Ass-2-iOsTests";
				PRODUCT_NAME = "$(TARGET_NAME)";
				SWIFT_EMIT_LOC_STRINGS = NO;
				SWIFT_VERSION = 5.0;
				TARGETED_DEVICE_FAMILY = "1,2";
				TEST_HOST = "$(BUILT_PRODUCTS_DIR)/D_M678_Ass_2_iOs.app/$(BUNDLE_EXECUTABLE_FOLDER_PATH)/D_M678_Ass_2_iOs";
			};
			name = Debug;
		};
		B5031CD629F1826900B70B4C /* Release */ = {
			isa = XCBuildConfiguration;
			buildSettings = {
				ALWAYS_EMBED_SWIFT_STANDARD_LIBRARIES = YES;
				BUNDLE_LOADER = "$(TEST_HOST)";
				CODE_SIGN_STYLE = Automatic;
				CURRENT_PROJECT_VERSION = 1;
				GENERATE_INFOPLIST_FILE = YES;
				IPHONEOS_DEPLOYMENT_TARGET = 16.4;
				MARKETING_VERSION = 1.0;
				PRODUCT_BUNDLE_IDENTIFIER = "Dharmesh.D-M678-Ass-2-iOsTests";
				PRODUCT_NAME = "$(TARGET_NAME)";
				SWIFT_EMIT_LOC_STRINGS = NO;
				SWIFT_VERSION = 5.0;
				TARGETED_DEVICE_FAMILY = "1,2";
				TEST_HOST = "$(BUILT_PRODUCTS_DIR)/D_M678_Ass_2_iOs.app/$(BUNDLE_EXECUTABLE_FOLDER_PATH)/D_M678_Ass_2_iOs";
			};
			name = Release;
		};
		B5031CD829F1826900B70B4C /* Debug */ = {
			isa = XCBuildConfiguration;
			buildSettings = {
				ALWAYS_EMBED_SWIFT_STANDARD_LIBRARIES = YES;
				CODE_SIGN_STYLE = Automatic;
				CURRENT_PROJECT_VERSION = 1;
				GENERATE_INFOPLIST_FILE = YES;
				MARKETING_VERSION = 1.0;
				PRODUCT_BUNDLE_IDENTIFIER = "Dharmesh.D-M678-Ass-2-iOsUITests";
				PRODUCT_NAME = "$(TARGET_NAME)";
				SWIFT_EMIT_LOC_STRINGS = NO;
				SWIFT_VERSION = 5.0;
				TARGETED_DEVICE_FAMILY = "1,2";
				TEST_TARGET_NAME = D_M678_Ass_2_iOs;
			};
			name = Debug;
		};
		B5031CD929F1826900B70B4C /* Release */ = {
			isa = XCBuildConfiguration;
			buildSettings = {
				ALWAYS_EMBED_SWIFT_STANDARD_LIBRARIES = YES;
				CODE_SIGN_STYLE = Automatic;
				CURRENT_PROJECT_VERSION = 1;
				GENERATE_INFOPLIST_FILE = YES;
				MARKETING_VERSION = 1.0;
				PRODUCT_BUNDLE_IDENTIFIER = "Dharmesh.D-M678-Ass-2-iOsUITests";
				PRODUCT_NAME = "$(TARGET_NAME)";
				SWIFT_EMIT_LOC_STRINGS = NO;
				SWIFT_VERSION = 5.0;
				TARGETED_DEVICE_FAMILY = "1,2";
				TEST_TARGET_NAME = D_M678_Ass_2_iOs;
			};
			name = Release;
		};
/* End XCBuildConfiguration section */

/* Begin XCConfigurationList section */
		B5031CA229F1826800B70B4C /* Build configuration list for PBXProject "D_M678_Ass_2_iOs" */ = {
			isa = XCConfigurationList;
			buildConfigurations = (
				B5031CCF29F1826900B70B4C /* Debug */,
				B5031CD029F1826900B70B4C /* Release */,
			);
			defaultConfigurationIsVisible = 0;
			defaultConfigurationName = Release;
		};
		B5031CD129F1826900B70B4C /* Build configuration list for PBXNativeTarget "D_M678_Ass_2_iOs" */ = {
			isa = XCConfigurationList;
			buildConfigurations = (
				B5031CD229F1826900B70B4C /* Debug */,
				B5031CD329F1826900B70B4C /* Release */,
			);
			defaultConfigurationIsVisible = 0;
			defaultConfigurationName = Release;
		};
		B5031CD429F1826900B70B4C /* Build configuration list for PBXNativeTarget "D_M678_Ass_2_iOsTests" */ = {
			isa = XCConfigurationList;
			buildConfigurations = (
				B5031CD529F1826900B70B4C /* Debug */,
				B5031CD629F1826900B70B4C /* Release */,
			);
			defaultConfigurationIsVisible = 0;
			defaultConfigurationName = Release;
		};
		B5031CD729F1826900B70B4C /* Build configuration list for PBXNativeTarget "D_M678_Ass_2_iOsUITests" */ = {
			isa = XCConfigurationList;
			buildConfigurations = (
				B5031CD829F1826900B70B4C /* Debug */,
				B5031CD929F1826900B70B4C /* Release */,
			);
			defaultConfigurationIsVisible = 0;
			defaultConfigurationName = Release;
		};
/* End XCConfigurationList section */
	};
	rootObject = B5031C9F29F1826800B70B4C /* Project object */;
}
