// !$*UTF8*$!
{
	archiveVersion = 1;
	classes = {
	};
	objectVersion = 56;
	objects = {

/* Begin PBXBuildFile section */
		B5CF741929952107000F322E /* AppDelegate.swift in Sources */ = {isa = PBXBuildFile; fileRef = B5CF741829952107000F322E /* AppDelegate.swift */; };
		B5CF741B29952107000F322E /* SceneDelegate.swift in Sources */ = {isa = PBXBuildFile; fileRef = B5CF741A29952107000F322E /* SceneDelegate.swift */; };
		B5CF741D29952107000F322E /* ViewController.swift in Sources */ = {isa = PBXBuildFile; fileRef = B5CF741C29952107000F322E /* ViewController.swift */; };
		B5CF742029952107000F322E /* Main.storyboard in Resources */ = {isa = PBXBuildFile; fileRef = B5CF741E29952107000F322E /* Main.storyboard */; };
		B5CF742229952107000F322E /* Assets.xcassets in Resources */ = {isa = PBXBuildFile; fileRef = B5CF742129952107000F322E /* Assets.xcassets */; };
		B5CF742529952107000F322E /* LaunchScreen.storyboard in Resources */ = {isa = PBXBuildFile; fileRef = B5CF742329952107000F322E /* LaunchScreen.storyboard */; };
		B5CF743029952107000F322E /* D_M4_Ass_14_iOsTests.swift in Sources */ = {isa = PBXBuildFile; fileRef = B5CF742F29952107000F322E /* D_M4_Ass_14_iOsTests.swift */; };
		B5CF743A29952107000F322E /* D_M4_Ass_14_iOsUITests.swift in Sources */ = {isa = PBXBuildFile; fileRef = B5CF743929952107000F322E /* D_M4_Ass_14_iOsUITests.swift */; };
		B5CF743C29952107000F322E /* D_M4_Ass_14_iOsUITestsLaunchTests.swift in Sources */ = {isa = PBXBuildFile; fileRef = B5CF743B29952107000F322E /* D_M4_Ass_14_iOsUITestsLaunchTests.swift */; };
/* End PBXBuildFile section */

/* Begin PBXContainerItemProxy section */
		B5CF742C29952107000F322E /* PBXContainerItemProxy */ = {
			isa = PBXContainerItemProxy;
			containerPortal = B5CF740D29952107000F322E /* Project object */;
			proxyType = 1;
			remoteGlobalIDString = B5CF741429952107000F322E;
			remoteInfo = D_M4_Ass_14_iOs;
		};
		B5CF743629952107000F322E /* PBXContainerItemProxy */ = {
			isa = PBXContainerItemProxy;
			containerPortal = B5CF740D29952107000F322E /* Project object */;
			proxyType = 1;
			remoteGlobalIDString = B5CF741429952107000F322E;
			remoteInfo = D_M4_Ass_14_iOs;
		};
/* End PBXContainerItemProxy section */

/* Begin PBXFileReference section */
		B5CF741529952107000F322E /* D_M4_Ass_14_iOs.app */ = {isa = PBXFileReference; explicitFileType = wrapper.application; includeInIndex = 0; path = D_M4_Ass_14_iOs.app; sourceTree = BUILT_PRODUCTS_DIR; };
		B5CF741829952107000F322E /* AppDelegate.swift */ = {isa = PBXFileReference; lastKnownFileType = sourcecode.swift; path = AppDelegate.swift; sourceTree = "<group>"; };
		B5CF741A29952107000F322E /* SceneDelegate.swift */ = {isa = PBXFileReference; lastKnownFileType = sourcecode.swift; path = SceneDelegate.swift; sourceTree = "<group>"; };
		B5CF741C29952107000F322E /* ViewController.swift */ = {isa = PBXFileReference; lastKnownFileType = sourcecode.swift; path = ViewController.swift; sourceTree = "<group>"; };
		B5CF741F29952107000F322E /* Base */ = {isa = PBXFileReference; lastKnownFileType = file.storyboard; name = Base; path = Base.lproj/Main.storyboard; sourceTree = "<group>"; };
		B5CF742129952107000F322E /* Assets.xcassets */ = {isa = PBXFileReference; lastKnownFileType = folder.assetcatalog; path = Assets.xcassets; sourceTree = "<group>"; };
		B5CF742429952107000F322E /* Base */ = {isa = PBXFileReference; lastKnownFileType = file.storyboard; name = Base; path = Base.lproj/LaunchScreen.storyboard; sourceTree = "<group>"; };
		B5CF742629952107000F322E /* Info.plist */ = {isa = PBXFileReference; lastKnownFileType = text.plist.xml; path = Info.plist; sourceTree = "<group>"; };
		B5CF742B29952107000F322E /* D_M4_Ass_14_iOsTests.xctest */ = {isa = PBXFileReference; explicitFileType = wrapper.cfbundle; includeInIndex = 0; path = D_M4_Ass_14_iOsTests.xctest; sourceTree = BUILT_PRODUCTS_DIR; };
		B5CF742F29952107000F322E /* D_M4_Ass_14_iOsTests.swift */ = {isa = PBXFileReference; lastKnownFileType = sourcecode.swift; path = D_M4_Ass_14_iOsTests.swift; sourceTree = "<group>"; };
		B5CF743529952107000F322E /* D_M4_Ass_14_iOsUITests.xctest */ = {isa = PBXFileReference; explicitFileType = wrapper.cfbundle; includeInIndex = 0; path = D_M4_Ass_14_iOsUITests.xctest; sourceTree = BUILT_PRODUCTS_DIR; };
		B5CF743929952107000F322E /* D_M4_Ass_14_iOsUITests.swift */ = {isa = PBXFileReference; lastKnownFileType = sourcecode.swift; path = D_M4_Ass_14_iOsUITests.swift; sourceTree = "<group>"; };
		B5CF743B29952107000F322E /* D_M4_Ass_14_iOsUITestsLaunchTests.swift */ = {isa = PBXFileReference; lastKnownFileType = sourcecode.swift; path = D_M4_Ass_14_iOsUITestsLaunchTests.swift; sourceTree = "<group>"; };
/* End PBXFileReference section */

/* Begin PBXFrameworksBuildPhase section */
		B5CF741229952107000F322E /* Frameworks */ = {
			isa = PBXFrameworksBuildPhase;
			buildActionMask = 2147483647;
			files = (
			);
			runOnlyForDeploymentPostprocessing = 0;
		};
		B5CF742829952107000F322E /* Frameworks */ = {
			isa = PBXFrameworksBuildPhase;
			buildActionMask = 2147483647;
			files = (
			);
			runOnlyForDeploymentPostprocessing = 0;
		};
		B5CF743229952107000F322E /* Frameworks */ = {
			isa = PBXFrameworksBuildPhase;
			buildActionMask = 2147483647;
			files = (
			);
			runOnlyForDeploymentPostprocessing = 0;
		};
/* End PBXFrameworksBuildPhase section */

/* Begin PBXGroup section */
		B5CF740C29952107000F322E = {
			isa = PBXGroup;
			children = (
				B5CF741729952107000F322E /* D_M4_Ass_14_iOs */,
				B5CF742E29952107000F322E /* D_M4_Ass_14_iOsTests */,
				B5CF743829952107000F322E /* D_M4_Ass_14_iOsUITests */,
				B5CF741629952107000F322E /* Products */,
			);
			sourceTree = "<group>";
		};
		B5CF741629952107000F322E /* Products */ = {
			isa = PBXGroup;
			children = (
				B5CF741529952107000F322E /* D_M4_Ass_14_iOs.app */,
				B5CF742B29952107000F322E /* D_M4_Ass_14_iOsTests.xctest */,
				B5CF743529952107000F322E /* D_M4_Ass_14_iOsUITests.xctest */,
			);
			name = Products;
			sourceTree = "<group>";
		};
		B5CF741729952107000F322E /* D_M4_Ass_14_iOs */ = {
			isa = PBXGroup;
			children = (
				B5CF741829952107000F322E /* AppDelegate.swift */,
				B5CF741A29952107000F322E /* SceneDelegate.swift */,
				B5CF741C29952107000F322E /* ViewController.swift */,
				B5CF741E29952107000F322E /* Main.storyboard */,
				B5CF742129952107000F322E /* Assets.xcassets */,
				B5CF742329952107000F322E /* LaunchScreen.storyboard */,
				B5CF742629952107000F322E /* Info.plist */,
			);
			path = D_M4_Ass_14_iOs;
			sourceTree = "<group>";
		};
		B5CF742E29952107000F322E /* D_M4_Ass_14_iOsTests */ = {
			isa = PBXGroup;
			children = (
				B5CF742F29952107000F322E /* D_M4_Ass_14_iOsTests.swift */,
			);
			path = D_M4_Ass_14_iOsTests;
			sourceTree = "<group>";
		};
		B5CF743829952107000F322E /* D_M4_Ass_14_iOsUITests */ = {
			isa = PBXGroup;
			children = (
				B5CF743929952107000F322E /* D_M4_Ass_14_iOsUITests.swift */,
				B5CF743B29952107000F322E /* D_M4_Ass_14_iOsUITestsLaunchTests.swift */,
			);
			path = D_M4_Ass_14_iOsUITests;
			sourceTree = "<group>";
		};
/* End PBXGroup section */

/* Begin PBXNativeTarget section */
		B5CF741429952107000F322E /* D_M4_Ass_14_iOs */ = {
			isa = PBXNativeTarget;
			buildConfigurationList = B5CF743F29952107000F322E /* Build configuration list for PBXNativeTarget "D_M4_Ass_14_iOs" */;
			buildPhases = (
				B5CF741129952107000F322E /* Sources */,
				B5CF741229952107000F322E /* Frameworks */,
				B5CF741329952107000F322E /* Resources */,
			);
			buildRules = (
			);
			dependencies = (
			);
			name = D_M4_Ass_14_iOs;
			productName = D_M4_Ass_14_iOs;
			productReference = B5CF741529952107000F322E /* D_M4_Ass_14_iOs.app */;
			productType = "com.apple.product-type.application";
		};
		B5CF742A29952107000F322E /* D_M4_Ass_14_iOsTests */ = {
			isa = PBXNativeTarget;
			buildConfigurationList = B5CF744229952107000F322E /* Build configuration list for PBXNativeTarget "D_M4_Ass_14_iOsTests" */;
			buildPhases = (
				B5CF742729952107000F322E /* Sources */,
				B5CF742829952107000F322E /* Frameworks */,
				B5CF742929952107000F322E /* Resources */,
			);
			buildRules = (
			);
			dependencies = (
				B5CF742D29952107000F322E /* PBXTargetDependency */,
			);
			name = D_M4_Ass_14_iOsTests;
			productName = D_M4_Ass_14_iOsTests;
			productReference = B5CF742B29952107000F322E /* D_M4_Ass_14_iOsTests.xctest */;
			productType = "com.apple.product-type.bundle.unit-test";
		};
		B5CF743429952107000F322E /* D_M4_Ass_14_iOsUITests */ = {
			isa = PBXNativeTarget;
			buildConfigurationList = B5CF744529952107000F322E /* Build configuration list for PBXNativeTarget "D_M4_Ass_14_iOsUITests" */;
			buildPhases = (
				B5CF743129952107000F322E /* Sources */,
				B5CF743229952107000F322E /* Frameworks */,
				B5CF743329952107000F322E /* Resources */,
			);
			buildRules = (
			);
			dependencies = (
				B5CF743729952107000F322E /* PBXTargetDependency */,
			);
			name = D_M4_Ass_14_iOsUITests;
			productName = D_M4_Ass_14_iOsUITests;
			productReference = B5CF743529952107000F322E /* D_M4_Ass_14_iOsUITests.xctest */;
			productType = "com.apple.product-type.bundle.ui-testing";
		};
/* End PBXNativeTarget section */

/* Begin PBXProject section */
		B5CF740D29952107000F322E /* Project object */ = {
			isa = PBXProject;
			attributes = {
				BuildIndependentTargetsInParallel = 1;
				LastSwiftUpdateCheck = 1420;
				LastUpgradeCheck = 1420;
				TargetAttributes = {
					B5CF741429952107000F322E = {
						CreatedOnToolsVersion = 14.2;
					};
					B5CF742A29952107000F322E = {
						CreatedOnToolsVersion = 14.2;
						TestTargetID = B5CF741429952107000F322E;
					};
					B5CF743429952107000F322E = {
						CreatedOnToolsVersion = 14.2;
						TestTargetID = B5CF741429952107000F322E;
					};
				};
			};
			buildConfigurationList = B5CF741029952107000F322E /* Build configuration list for PBXProject "D_M4_Ass_14_iOs" */;
			compatibilityVersion = "Xcode 14.0";
			developmentRegion = en;
			hasScannedForEncodings = 0;
			knownRegions = (
				en,
				Base,
			);
			mainGroup = B5CF740C29952107000F322E;
			productRefGroup = B5CF741629952107000F322E /* Products */;
			projectDirPath = "";
			projectRoot = "";
			targets = (
				B5CF741429952107000F322E /* D_M4_Ass_14_iOs */,
				B5CF742A29952107000F322E /* D_M4_Ass_14_iOsTests */,
				B5CF743429952107000F322E /* D_M4_Ass_14_iOsUITests */,
			);
		};
/* End PBXProject section */

/* Begin PBXResourcesBuildPhase section */
		B5CF741329952107000F322E /* Resources */ = {
			isa = PBXResourcesBuildPhase;
			buildActionMask = 2147483647;
			files = (
				B5CF742529952107000F322E /* LaunchScreen.storyboard in Resources */,
				B5CF742229952107000F322E /* Assets.xcassets in Resources */,
				B5CF742029952107000F322E /* Main.storyboard in Resources */,
			);
			runOnlyForDeploymentPostprocessing = 0;
		};
		B5CF742929952107000F322E /* Resources */ = {
			isa = PBXResourcesBuildPhase;
			buildActionMask = 2147483647;
			files = (
			);
			runOnlyForDeploymentPostprocessing = 0;
		};
		B5CF743329952107000F322E /* Resources */ = {
			isa = PBXResourcesBuildPhase;
			buildActionMask = 2147483647;
			files = (
			);
			runOnlyForDeploymentPostprocessing = 0;
		};
/* End PBXResourcesBuildPhase section */

/* Begin PBXSourcesBuildPhase section */
		B5CF741129952107000F322E /* Sources */ = {
			isa = PBXSourcesBuildPhase;
			buildActionMask = 2147483647;
			files = (
				B5CF741D29952107000F322E /* ViewController.swift in Sources */,
				B5CF741929952107000F322E /* AppDelegate.swift in Sources */,
				B5CF741B29952107000F322E /* SceneDelegate.swift in Sources */,
			);
			runOnlyForDeploymentPostprocessing = 0;
		};
		B5CF742729952107000F322E /* Sources */ = {
			isa = PBXSourcesBuildPhase;
			buildActionMask = 2147483647;
			files = (
				B5CF743029952107000F322E /* D_M4_Ass_14_iOsTests.swift in Sources */,
			);
			runOnlyForDeploymentPostprocessing = 0;
		};
		B5CF743129952107000F322E /* Sources */ = {
			isa = PBXSourcesBuildPhase;
			buildActionMask = 2147483647;
			files = (
				B5CF743A29952107000F322E /* D_M4_Ass_14_iOsUITests.swift in Sources */,
				B5CF743C29952107000F322E /* D_M4_Ass_14_iOsUITestsLaunchTests.swift in Sources */,
			);
			runOnlyForDeploymentPostprocessing = 0;
		};
/* End PBXSourcesBuildPhase section */

/* Begin PBXTargetDependency section */
		B5CF742D29952107000F322E /* PBXTargetDependency */ = {
			isa = PBXTargetDependency;
			target = B5CF741429952107000F322E /* D_M4_Ass_14_iOs */;
			targetProxy = B5CF742C29952107000F322E /* PBXContainerItemProxy */;
		};
		B5CF743729952107000F322E /* PBXTargetDependency */ = {
			isa = PBXTargetDependency;
			target = B5CF741429952107000F322E /* D_M4_Ass_14_iOs */;
			targetProxy = B5CF743629952107000F322E /* PBXContainerItemProxy */;
		};
/* End PBXTargetDependency section */

/* Begin PBXVariantGroup section */
		B5CF741E29952107000F322E /* Main.storyboard */ = {
			isa = PBXVariantGroup;
			children = (
				B5CF741F29952107000F322E /* Base */,
			);
			name = Main.storyboard;
			sourceTree = "<group>";
		};
		B5CF742329952107000F322E /* LaunchScreen.storyboard */ = {
			isa = PBXVariantGroup;
			children = (
				B5CF742429952107000F322E /* Base */,
			);
			name = LaunchScreen.storyboard;
			sourceTree = "<group>";
		};
/* End PBXVariantGroup section */

/* Begin XCBuildConfiguration section */
		B5CF743D29952107000F322E /* Debug */ = {
			isa = XCBuildConfiguration;
			buildSettings = {
				ALWAYS_SEARCH_USER_PATHS = NO;
				CLANG_ANALYZER_NONNULL = YES;
				CLANG_ANALYZER_NUMBER_OBJECT_CONVERSION = YES_AGGRESSIVE;
				CLANG_CXX_LANGUAGE_STANDARD = "gnu++20";
				CLANG_ENABLE_MODULES = YES;
				CLANG_ENABLE_OBJC_ARC = YES;
				CLANG_ENABLE_OBJC_WEAK = YES;
				CLANG_WARN_BLOCK_CAPTURE_AUTORELEASING = YES;
				CLANG_WARN_BOOL_CONVERSION = YES;
				CLANG_WARN_COMMA = YES;
				CLANG_WARN_CONSTANT_CONVERSION = YES;
				CLANG_WARN_DEPRECATED_OBJC_IMPLEMENTATIONS = YES;
				CLANG_WARN_DIRECT_OBJC_ISA_USAGE = YES_ERROR;
				CLANG_WARN_DOCUMENTATION_COMMENTS = YES;
				CLANG_WARN_EMPTY_BODY = YES;
				CLANG_WARN_ENUM_CONVERSION = YES;
				CLANG_WARN_INFINITE_RECURSION = YES;
				CLANG_WARN_INT_CONVERSION = YES;
				CLANG_WARN_NON_LITERAL_NULL_CONVERSION = YES;
				CLANG_WARN_OBJC_IMPLICIT_RETAIN_SELF = YES;
				CLANG_WARN_OBJC_LITERAL_CONVERSION = YES;
				CLANG_WARN_OBJC_ROOT_CLASS = YES_ERROR;
				CLANG_WARN_QUOTED_INCLUDE_IN_FRAMEWORK_HEADER = YES;
				CLANG_WARN_RANGE_LOOP_ANALYSIS = YES;
				CLANG_WARN_STRICT_PROTOTYPES = YES;
				CLANG_WARN_SUSPICIOUS_MOVE = YES;
				CLANG_WARN_UNGUARDED_AVAILABILITY = YES_AGGRESSIVE;
				CLANG_WARN_UNREACHABLE_CODE = YES;
				CLANG_WARN__DUPLICATE_METHOD_MATCH = YES;
				COPY_PHASE_STRIP = NO;
				DEBUG_INFORMATION_FORMAT = dwarf;
				ENABLE_STRICT_OBJC_MSGSEND = YES;
				ENABLE_TESTABILITY = YES;
				GCC_C_LANGUAGE_STANDARD = gnu11;
				GCC_DYNAMIC_NO_PIC = NO;
				GCC_NO_COMMON_BLOCKS = YES;
				GCC_OPTIMIZATION_LEVEL = 0;
				GCC_PREPROCESSOR_DEFINITIONS = (
					"DEBUG=1",
					"$(inherited)",
				);
				GCC_WARN_64_TO_32_BIT_CONVERSION = YES;
				GCC_WARN_ABOUT_RETURN_TYPE = YES_ERROR;
				GCC_WARN_UNDECLARED_SELECTOR = YES;
				GCC_WARN_UNINITIALIZED_AUTOS = YES_AGGRESSIVE;
				GCC_WARN_UNUSED_FUNCTION = YES;
				GCC_WARN_UNUSED_VARIABLE = YES;
				IPHONEOS_DEPLOYMENT_TARGET = 16.2;
				MTL_ENABLE_DEBUG_INFO = INCLUDE_SOURCE;
				MTL_FAST_MATH = YES;
				ONLY_ACTIVE_ARCH = YES;
				SDKROOT = iphoneos;
				SWIFT_ACTIVE_COMPILATION_CONDITIONS = DEBUG;
				SWIFT_OPTIMIZATION_LEVEL = "-Onone";
			};
			name = Debug;
		};
		B5CF743E29952107000F322E /* Release */ = {
			isa = XCBuildConfiguration;
			buildSettings = {
				ALWAYS_SEARCH_USER_PATHS = NO;
				CLANG_ANALYZER_NONNULL = YES;
				CLANG_ANALYZER_NUMBER_OBJECT_CONVERSION = YES_AGGRESSIVE;
				CLANG_CXX_LANGUAGE_STANDARD = "gnu++20";
				CLANG_ENABLE_MODULES = YES;
				CLANG_ENABLE_OBJC_ARC = YES;
				CLANG_ENABLE_OBJC_WEAK = YES;
				CLANG_WARN_BLOCK_CAPTURE_AUTORELEASING = YES;
				CLANG_WARN_BOOL_CONVERSION = YES;
				CLANG_WARN_COMMA = YES;
				CLANG_WARN_CONSTANT_CONVERSION = YES;
				CLANG_WARN_DEPRECATED_OBJC_IMPLEMENTATIONS = YES;
				CLANG_WARN_DIRECT_OBJC_ISA_USAGE = YES_ERROR;
				CLANG_WARN_DOCUMENTATION_COMMENTS = YES;
				CLANG_WARN_EMPTY_BODY = YES;
				CLANG_WARN_ENUM_CONVERSION = YES;
				CLANG_WARN_INFINITE_RECURSION = YES;
				CLANG_WARN_INT_CONVERSION = YES;
				CLANG_WARN_NON_LITERAL_NULL_CONVERSION = YES;
				CLANG_WARN_OBJC_IMPLICIT_RETAIN_SELF = YES;
				CLANG_WARN_OBJC_LITERAL_CONVERSION = YES;
				CLANG_WARN_OBJC_ROOT_CLASS = YES_ERROR;
				CLANG_WARN_QUOTED_INCLUDE_IN_FRAMEWORK_HEADER = YES;
				CLANG_WARN_RANGE_LOOP_ANALYSIS = YES;
				CLANG_WARN_STRICT_PROTOTYPES = YES;
				CLANG_WARN_SUSPICIOUS_MOVE = YES;
				CLANG_WARN_UNGUARDED_AVAILABILITY = YES_AGGRESSIVE;
				CLANG_WARN_UNREACHABLE_CODE = YES;
				CLANG_WARN__DUPLICATE_METHOD_MATCH = YES;
				COPY_PHASE_STRIP = NO;
				DEBUG_INFORMATION_FORMAT = "dwarf-with-dsym";
				ENABLE_NS_ASSERTIONS = NO;
				ENABLE_STRICT_OBJC_MSGSEND = YES;
				GCC_C_LANGUAGE_STANDARD = gnu11;
				GCC_NO_COMMON_BLOCKS = YES;
				GCC_WARN_64_TO_32_BIT_CONVERSION = YES;
				GCC_WARN_ABOUT_RETURN_TYPE = YES_ERROR;
				GCC_WARN_UNDECLARED_SELECTOR = YES;
				GCC_WARN_UNINITIALIZED_AUTOS = YES_AGGRESSIVE;
				GCC_WARN_UNUSED_FUNCTION = YES;
				GCC_WARN_UNUSED_VARIABLE = YES;
				IPHONEOS_DEPLOYMENT_TARGET = 16.2;
				MTL_ENABLE_DEBUG_INFO = NO;
				MTL_FAST_MATH = YES;
				SDKROOT = iphoneos;
				SWIFT_COMPILATION_MODE = wholemodule;
				SWIFT_OPTIMIZATION_LEVEL = "-O";
				VALIDATE_PRODUCT = YES;
			};
			name = Release;
		};
		B5CF744029952107000F322E /* Debug */ = {
			isa = XCBuildConfiguration;
			buildSettings = {
				ASSETCATALOG_COMPILER_APPICON_NAME = AppIcon;
				ASSETCATALOG_COMPILER_GLOBAL_ACCENT_COLOR_NAME = AccentColor;
				CODE_SIGN_STYLE = Automatic;
				CURRENT_PROJECT_VERSION = 1;
				GENERATE_INFOPLIST_FILE = YES;
				INFOPLIST_FILE = D_M4_Ass_14_iOs/Info.plist;
				INFOPLIST_KEY_UIApplicationSupportsIndirectInputEvents = YES;
				INFOPLIST_KEY_UILaunchStoryboardName = LaunchScreen;
				INFOPLIST_KEY_UIMainStoryboardFile = Main;
				INFOPLIST_KEY_UISupportedInterfaceOrientations_iPad = "UIInterfaceOrientationPortrait UIInterfaceOrientationPortraitUpsideDown UIInterfaceOrientationLandscapeLeft UIInterfaceOrientationLandscapeRight";
				INFOPLIST_KEY_UISupportedInterfaceOrientations_iPhone = "UIInterfaceOrientationPortrait UIInterfaceOrientationLandscapeLeft UIInterfaceOrientationLandscapeRight";
				LD_RUNPATH_SEARCH_PATHS = (
					"$(inherited)",
					"@executable_path/Frameworks",
				);
				MARKETING_VERSION = 1.0;
				PRODUCT_BUNDLE_IDENTIFIER = "Dharmesh.D-M4-Ass-14-iOs";
				PRODUCT_NAME = "$(TARGET_NAME)";
				SWIFT_EMIT_LOC_STRINGS = YES;
				SWIFT_VERSION = 5.0;
				TARGETED_DEVICE_FAMILY = "1,2";
			};
			name = Debug;
		};
		B5CF744129952107000F322E /* Release */ = {
			isa = XCBuildConfiguration;
			buildSettings = {
				ASSETCATALOG_COMPILER_APPICON_NAME = AppIcon;
				ASSETCATALOG_COMPILER_GLOBAL_ACCENT_COLOR_NAME = AccentColor;
				CODE_SIGN_STYLE = Automatic;
				CURRENT_PROJECT_VERSION = 1;
				GENERATE_INFOPLIST_FILE = YES;
				INFOPLIST_FILE = D_M4_Ass_14_iOs/Info.plist;
				INFOPLIST_KEY_UIApplicationSupportsIndirectInputEvents = YES;
				INFOPLIST_KEY_UILaunchStoryboardName = LaunchScreen;
				INFOPLIST_KEY_UIMainStoryboardFile = Main;
				INFOPLIST_KEY_UISupportedInterfaceOrientations_iPad = "UIInterfaceOrientationPortrait UIInterfaceOrientationPortraitUpsideDown UIInterfaceOrientationLandscapeLeft UIInterfaceOrientationLandscapeRight";
				INFOPLIST_KEY_UISupportedInterfaceOrientations_iPhone = "UIInterfaceOrientationPortrait UIInterfaceOrientationLandscapeLeft UIInterfaceOrientationLandscapeRight";
				LD_RUNPATH_SEARCH_PATHS = (
					"$(inherited)",
					"@executable_path/Frameworks",
				);
				MARKETING_VERSION = 1.0;
				PRODUCT_BUNDLE_IDENTIFIER = "Dharmesh.D-M4-Ass-14-iOs";
				PRODUCT_NAME = "$(TARGET_NAME)";
				SWIFT_EMIT_LOC_STRINGS = YES;
				SWIFT_VERSION = 5.0;
				TARGETED_DEVICE_FAMILY = "1,2";
			};
			name = Release;
		};
		B5CF744329952107000F322E /* Debug */ = {
			isa = XCBuildConfiguration;
			buildSettings = {
				ALWAYS_EMBED_SWIFT_STANDARD_LIBRARIES = YES;
				BUNDLE_LOADER = "$(TEST_HOST)";
				CODE_SIGN_STYLE = Automatic;
				CURRENT_PROJECT_VERSION = 1;
				GENERATE_INFOPLIST_FILE = YES;
				IPHONEOS_DEPLOYMENT_TARGET = 16.2;
				MARKETING_VERSION = 1.0;
				PRODUCT_BUNDLE_IDENTIFIER = "Dharmesh.D-M4-Ass-14-iOsTests";
				PRODUCT_NAME = "$(TARGET_NAME)";
				SWIFT_EMIT_LOC_STRINGS = NO;
				SWIFT_VERSION = 5.0;
				TARGETED_DEVICE_FAMILY = "1,2";
				TEST_HOST = "$(BUILT_PRODUCTS_DIR)/D_M4_Ass_14_iOs.app/$(BUNDLE_EXECUTABLE_FOLDER_PATH)/D_M4_Ass_14_iOs";
			};
			name = Debug;
		};
		B5CF744429952107000F322E /* Release */ = {
			isa = XCBuildConfiguration;
			buildSettings = {
				ALWAYS_EMBED_SWIFT_STANDARD_LIBRARIES = YES;
				BUNDLE_LOADER = "$(TEST_HOST)";
				CODE_SIGN_STYLE = Automatic;
				CURRENT_PROJECT_VERSION = 1;
				GENERATE_INFOPLIST_FILE = YES;
				IPHONEOS_DEPLOYMENT_TARGET = 16.2;
				MARKETING_VERSION = 1.0;
				PRODUCT_BUNDLE_IDENTIFIER = "Dharmesh.D-M4-Ass-14-iOsTests";
				PRODUCT_NAME = "$(TARGET_NAME)";
				SWIFT_EMIT_LOC_STRINGS = NO;
				SWIFT_VERSION = 5.0;
				TARGETED_DEVICE_FAMILY = "1,2";
				TEST_HOST = "$(BUILT_PRODUCTS_DIR)/D_M4_Ass_14_iOs.app/$(BUNDLE_EXECUTABLE_FOLDER_PATH)/D_M4_Ass_14_iOs";
			};
			name = Release;
		};
		B5CF744629952107000F322E /* Debug */ = {
			isa = XCBuildConfiguration;
			buildSettings = {
				ALWAYS_EMBED_SWIFT_STANDARD_LIBRARIES = YES;
				CODE_SIGN_STYLE = Automatic;
				CURRENT_PROJECT_VERSION = 1;
				GENERATE_INFOPLIST_FILE = YES;
				MARKETING_VERSION = 1.0;
				PRODUCT_BUNDLE_IDENTIFIER = "Dharmesh.D-M4-Ass-14-iOsUITests";
				PRODUCT_NAME = "$(TARGET_NAME)";
				SWIFT_EMIT_LOC_STRINGS = NO;
				SWIFT_VERSION = 5.0;
				TARGETED_DEVICE_FAMILY = "1,2";
				TEST_TARGET_NAME = D_M4_Ass_14_iOs;
			};
			name = Debug;
		};
		B5CF744729952107000F322E /* Release */ = {
			isa = XCBuildConfiguration;
			buildSettings = {
				ALWAYS_EMBED_SWIFT_STANDARD_LIBRARIES = YES;
				CODE_SIGN_STYLE = Automatic;
				CURRENT_PROJECT_VERSION = 1;
				GENERATE_INFOPLIST_FILE = YES;
				MARKETING_VERSION = 1.0;
				PRODUCT_BUNDLE_IDENTIFIER = "Dharmesh.D-M4-Ass-14-iOsUITests";
				PRODUCT_NAME = "$(TARGET_NAME)";
				SWIFT_EMIT_LOC_STRINGS = NO;
				SWIFT_VERSION = 5.0;
				TARGETED_DEVICE_FAMILY = "1,2";
				TEST_TARGET_NAME = D_M4_Ass_14_iOs;
			};
			name = Release;
		};
/* End XCBuildConfiguration section */

/* Begin XCConfigurationList section */
		B5CF741029952107000F322E /* Build configuration list for PBXProject "D_M4_Ass_14_iOs" */ = {
			isa = XCConfigurationList;
			buildConfigurations = (
				B5CF743D29952107000F322E /* Debug */,
				B5CF743E29952107000F322E /* Release */,
			);
			defaultConfigurationIsVisible = 0;
			defaultConfigurationName = Release;
		};
		B5CF743F29952107000F322E /* Build configuration list for PBXNativeTarget "D_M4_Ass_14_iOs" */ = {
			isa = XCConfigurationList;
			buildConfigurations = (
				B5CF744029952107000F322E /* Debug */,
				B5CF744129952107000F322E /* Release */,
			);
			defaultConfigurationIsVisible = 0;
			defaultConfigurationName = Release;
		};
		B5CF744229952107000F322E /* Build configuration list for PBXNativeTarget "D_M4_Ass_14_iOsTests" */ = {
			isa = XCConfigurationList;
			buildConfigurations = (
				B5CF744329952107000F322E /* Debug */,
				B5CF744429952107000F322E /* Release */,
			);
			defaultConfigurationIsVisible = 0;
			defaultConfigurationName = Release;
		};
		B5CF744529952107000F322E /* Build configuration list for PBXNativeTarget "D_M4_Ass_14_iOsUITests" */ = {
			isa = XCConfigurationList;
			buildConfigurations = (
				B5CF744629952107000F322E /* Debug */,
				B5CF744729952107000F322E /* Release */,
			);
			defaultConfigurationIsVisible = 0;
			defaultConfigurationName = Release;
		};
/* End XCConfigurationList section */
	};
	rootObject = B5CF740D29952107000F322E /* Project object */;
}
